// !$*UTF8*$!
{
	archiveVersion = 1;
	classes = {
	};
	objectVersion = 51;
	objects = {

/* Begin PBXBuildFile section */
		5D0CC23ED7ABF534B8ECA277 /* Pods_SoundCloud.framework in Frameworks */ = {isa = PBXBuildFile; fileRef = B7D8F501406ADAF505EA68FA /* Pods_SoundCloud.framework */; };
		8B939FB179C185553DFCCDA1 /* Pods_SoundCloudTests.framework in Frameworks */ = {isa = PBXBuildFile; fileRef = 5DA68D6B60476A4DF0489ADF /* Pods_SoundCloudTests.framework */; };
		ABB56A61244DAA9600EFF080 /* AppDelegate.swift in Sources */ = {isa = PBXBuildFile; fileRef = ABB56A60244DAA9600EFF080 /* AppDelegate.swift */; };
		ABB56A63244DAA9600EFF080 /* SceneDelegate.swift in Sources */ = {isa = PBXBuildFile; fileRef = ABB56A62244DAA9600EFF080 /* SceneDelegate.swift */; };
		ABB56A65244DAA9600EFF080 /* ViewController.swift in Sources */ = {isa = PBXBuildFile; fileRef = ABB56A64244DAA9600EFF080 /* ViewController.swift */; };
		ABB56A68244DAA9600EFF080 /* Main.storyboard in Resources */ = {isa = PBXBuildFile; fileRef = ABB56A66244DAA9600EFF080 /* Main.storyboard */; };
		ABB56A6A244DAA9800EFF080 /* Assets.xcassets in Resources */ = {isa = PBXBuildFile; fileRef = ABB56A69244DAA9800EFF080 /* Assets.xcassets */; };
		ABB56A6D244DAA9800EFF080 /* LaunchScreen.storyboard in Resources */ = {isa = PBXBuildFile; fileRef = ABB56A6B244DAA9800EFF080 /* LaunchScreen.storyboard */; };
		ABB56A78244DAA9800EFF080 /* SoundCloudTests.swift in Sources */ = {isa = PBXBuildFile; fileRef = ABB56A77244DAA9800EFF080 /* SoundCloudTests.swift */; };
		ABB56A83244DAA9800EFF080 /* SoundCloudUITests.swift in Sources */ = {isa = PBXBuildFile; fileRef = ABB56A82244DAA9800EFF080 /* SoundCloudUITests.swift */; };
		ABB56A93244DAB1400EFF080 /* ListMusicVC.swift in Sources */ = {isa = PBXBuildFile; fileRef = ABB56A92244DAB1400EFF080 /* ListMusicVC.swift */; };
		ABB56A96244DBB1C00EFF080 /* CellMusic.swift in Sources */ = {isa = PBXBuildFile; fileRef = ABB56A95244DBB1C00EFF080 /* CellMusic.swift */; };
		ABE90C89244EB2C200E86121 /* PlayerVC.swift in Sources */ = {isa = PBXBuildFile; fileRef = ABE90C88244EB2C200E86121 /* PlayerVC.swift */; };
		ABE90C8F244ED20600E86121 /* Song.swift in Sources */ = {isa = PBXBuildFile; fileRef = ABE90C8E244ED20600E86121 /* Song.swift */; };
		E05B1008A29322E3ED7CD620 /* Pods_SoundCloud_SoundCloudUITests.framework in Frameworks */ = {isa = PBXBuildFile; fileRef = D1EE67A36572CAED6031597B /* Pods_SoundCloud_SoundCloudUITests.framework */; };
/* End PBXBuildFile section */

/* Begin PBXContainerItemProxy section */
		ABB56A74244DAA9800EFF080 /* PBXContainerItemProxy */ = {
			isa = PBXContainerItemProxy;
			containerPortal = ABB56A55244DAA9600EFF080 /* Project object */;
			proxyType = 1;
			remoteGlobalIDString = ABB56A5C244DAA9600EFF080;
			remoteInfo = SoundCloud;
		};
		ABB56A7F244DAA9800EFF080 /* PBXContainerItemProxy */ = {
			isa = PBXContainerItemProxy;
			containerPortal = ABB56A55244DAA9600EFF080 /* Project object */;
			proxyType = 1;
			remoteGlobalIDString = ABB56A5C244DAA9600EFF080;
			remoteInfo = SoundCloud;
		};
/* End PBXContainerItemProxy section */

/* Begin PBXFileReference section */
		496EE9A7355C7EAD845CBD8F /* Pods-SoundCloudTests.debug.xcconfig */ = {isa = PBXFileReference; includeInIndex = 1; lastKnownFileType = text.xcconfig; name = "Pods-SoundCloudTests.debug.xcconfig"; path = "Target Support Files/Pods-SoundCloudTests/Pods-SoundCloudTests.debug.xcconfig"; sourceTree = "<group>"; };
		5DA68D6B60476A4DF0489ADF /* Pods_SoundCloudTests.framework */ = {isa = PBXFileReference; explicitFileType = wrapper.framework; includeInIndex = 0; path = Pods_SoundCloudTests.framework; sourceTree = BUILT_PRODUCTS_DIR; };
		ABB56A5D244DAA9600EFF080 /* SoundCloud.app */ = {isa = PBXFileReference; explicitFileType = wrapper.application; includeInIndex = 0; path = SoundCloud.app; sourceTree = BUILT_PRODUCTS_DIR; };
		ABB56A60244DAA9600EFF080 /* AppDelegate.swift */ = {isa = PBXFileReference; lastKnownFileType = sourcecode.swift; path = AppDelegate.swift; sourceTree = "<group>"; };
		ABB56A62244DAA9600EFF080 /* SceneDelegate.swift */ = {isa = PBXFileReference; lastKnownFileType = sourcecode.swift; path = SceneDelegate.swift; sourceTree = "<group>"; };
		ABB56A64244DAA9600EFF080 /* ViewController.swift */ = {isa = PBXFileReference; lastKnownFileType = sourcecode.swift; path = ViewController.swift; sourceTree = "<group>"; };
		ABB56A67244DAA9600EFF080 /* Base */ = {isa = PBXFileReference; lastKnownFileType = file.storyboard; name = Base; path = Base.lproj/Main.storyboard; sourceTree = "<group>"; };
		ABB56A69244DAA9800EFF080 /* Assets.xcassets */ = {isa = PBXFileReference; lastKnownFileType = folder.assetcatalog; path = Assets.xcassets; sourceTree = "<group>"; };
		ABB56A6C244DAA9800EFF080 /* Base */ = {isa = PBXFileReference; lastKnownFileType = file.storyboard; name = Base; path = Base.lproj/LaunchScreen.storyboard; sourceTree = "<group>"; };
		ABB56A6E244DAA9800EFF080 /* Info.plist */ = {isa = PBXFileReference; lastKnownFileType = text.plist.xml; path = Info.plist; sourceTree = "<group>"; };
		ABB56A73244DAA9800EFF080 /* SoundCloudTests.xctest */ = {isa = PBXFileReference; explicitFileType = wrapper.cfbundle; includeInIndex = 0; path = SoundCloudTests.xctest; sourceTree = BUILT_PRODUCTS_DIR; };
		ABB56A77244DAA9800EFF080 /* SoundCloudTests.swift */ = {isa = PBXFileReference; lastKnownFileType = sourcecode.swift; path = SoundCloudTests.swift; sourceTree = "<group>"; };
		ABB56A79244DAA9800EFF080 /* Info.plist */ = {isa = PBXFileReference; lastKnownFileType = text.plist.xml; path = Info.plist; sourceTree = "<group>"; };
		ABB56A7E244DAA9800EFF080 /* SoundCloudUITests.xctest */ = {isa = PBXFileReference; explicitFileType = wrapper.cfbundle; includeInIndex = 0; path = SoundCloudUITests.xctest; sourceTree = BUILT_PRODUCTS_DIR; };
		ABB56A82244DAA9800EFF080 /* SoundCloudUITests.swift */ = {isa = PBXFileReference; lastKnownFileType = sourcecode.swift; path = SoundCloudUITests.swift; sourceTree = "<group>"; };
		ABB56A84244DAA9800EFF080 /* Info.plist */ = {isa = PBXFileReference; lastKnownFileType = text.plist.xml; path = Info.plist; sourceTree = "<group>"; };
		ABB56A92244DAB1400EFF080 /* ListMusicVC.swift */ = {isa = PBXFileReference; lastKnownFileType = sourcecode.swift; path = ListMusicVC.swift; sourceTree = "<group>"; };
		ABB56A95244DBB1C00EFF080 /* CellMusic.swift */ = {isa = PBXFileReference; lastKnownFileType = sourcecode.swift; path = CellMusic.swift; sourceTree = "<group>"; };
		ABE90C88244EB2C200E86121 /* PlayerVC.swift */ = {isa = PBXFileReference; lastKnownFileType = sourcecode.swift; path = PlayerVC.swift; sourceTree = "<group>"; };
		ABE90C8E244ED20600E86121 /* Song.swift */ = {isa = PBXFileReference; lastKnownFileType = sourcecode.swift; path = Song.swift; sourceTree = "<group>"; };
		B7D8F501406ADAF505EA68FA /* Pods_SoundCloud.framework */ = {isa = PBXFileReference; explicitFileType = wrapper.framework; includeInIndex = 0; path = Pods_SoundCloud.framework; sourceTree = BUILT_PRODUCTS_DIR; };
		C269FA1D4DAD490FF6944293 /* Pods-SoundCloud-SoundCloudUITests.release.xcconfig */ = {isa = PBXFileReference; includeInIndex = 1; lastKnownFileType = text.xcconfig; name = "Pods-SoundCloud-SoundCloudUITests.release.xcconfig"; path = "Target Support Files/Pods-SoundCloud-SoundCloudUITests/Pods-SoundCloud-SoundCloudUITests.release.xcconfig"; sourceTree = "<group>"; };
		D1EE67A36572CAED6031597B /* Pods_SoundCloud_SoundCloudUITests.framework */ = {isa = PBXFileReference; explicitFileType = wrapper.framework; includeInIndex = 0; path = Pods_SoundCloud_SoundCloudUITests.framework; sourceTree = BUILT_PRODUCTS_DIR; };
		D4C8B6CED3C8CF0C30D0BB5D /* Pods-SoundCloud.debug.xcconfig */ = {isa = PBXFileReference; includeInIndex = 1; lastKnownFileType = text.xcconfig; name = "Pods-SoundCloud.debug.xcconfig"; path = "Target Support Files/Pods-SoundCloud/Pods-SoundCloud.debug.xcconfig"; sourceTree = "<group>"; };
		E66436F84B377DC1A705D71F /* Pods-SoundCloudTests.release.xcconfig */ = {isa = PBXFileReference; includeInIndex = 1; lastKnownFileType = text.xcconfig; name = "Pods-SoundCloudTests.release.xcconfig"; path = "Target Support Files/Pods-SoundCloudTests/Pods-SoundCloudTests.release.xcconfig"; sourceTree = "<group>"; };
		F47CE1A70C4121578082716A /* Pods-SoundCloud.release.xcconfig */ = {isa = PBXFileReference; includeInIndex = 1; lastKnownFileType = text.xcconfig; name = "Pods-SoundCloud.release.xcconfig"; path = "Target Support Files/Pods-SoundCloud/Pods-SoundCloud.release.xcconfig"; sourceTree = "<group>"; };
		FFE3C50650DD20AF30FF1A07 /* Pods-SoundCloud-SoundCloudUITests.debug.xcconfig */ = {isa = PBXFileReference; includeInIndex = 1; lastKnownFileType = text.xcconfig; name = "Pods-SoundCloud-SoundCloudUITests.debug.xcconfig"; path = "Target Support Files/Pods-SoundCloud-SoundCloudUITests/Pods-SoundCloud-SoundCloudUITests.debug.xcconfig"; sourceTree = "<group>"; };
/* End PBXFileReference section */

/* Begin PBXFrameworksBuildPhase section */
		ABB56A5A244DAA9600EFF080 /* Frameworks */ = {
			isa = PBXFrameworksBuildPhase;
			buildActionMask = 2147483647;
			files = (
				5D0CC23ED7ABF534B8ECA277 /* Pods_SoundCloud.framework in Frameworks */,
			);
			runOnlyForDeploymentPostprocessing = 0;
		};
		ABB56A70244DAA9800EFF080 /* Frameworks */ = {
			isa = PBXFrameworksBuildPhase;
			buildActionMask = 2147483647;
			files = (
				8B939FB179C185553DFCCDA1 /* Pods_SoundCloudTests.framework in Frameworks */,
			);
			runOnlyForDeploymentPostprocessing = 0;
		};
		ABB56A7B244DAA9800EFF080 /* Frameworks */ = {
			isa = PBXFrameworksBuildPhase;
			buildActionMask = 2147483647;
			files = (
				E05B1008A29322E3ED7CD620 /* Pods_SoundCloud_SoundCloudUITests.framework in Frameworks */,
			);
			runOnlyForDeploymentPostprocessing = 0;
		};
/* End PBXFrameworksBuildPhase section */

/* Begin PBXGroup section */
		0D9ECA3789D563FC45E5EEE6 /* Pods */ = {
			isa = PBXGroup;
			children = (
				D4C8B6CED3C8CF0C30D0BB5D /* Pods-SoundCloud.debug.xcconfig */,
				F47CE1A70C4121578082716A /* Pods-SoundCloud.release.xcconfig */,
				FFE3C50650DD20AF30FF1A07 /* Pods-SoundCloud-SoundCloudUITests.debug.xcconfig */,
				C269FA1D4DAD490FF6944293 /* Pods-SoundCloud-SoundCloudUITests.release.xcconfig */,
				496EE9A7355C7EAD845CBD8F /* Pods-SoundCloudTests.debug.xcconfig */,
				E66436F84B377DC1A705D71F /* Pods-SoundCloudTests.release.xcconfig */,
			);
			path = Pods;
			sourceTree = "<group>";
		};
		4275B3303A424DC43C685F3A /* Frameworks */ = {
			isa = PBXGroup;
			children = (
				B7D8F501406ADAF505EA68FA /* Pods_SoundCloud.framework */,
				D1EE67A36572CAED6031597B /* Pods_SoundCloud_SoundCloudUITests.framework */,
				5DA68D6B60476A4DF0489ADF /* Pods_SoundCloudTests.framework */,
			);
			name = Frameworks;
			sourceTree = "<group>";
		};
		ABB56A54244DAA9600EFF080 = {
			isa = PBXGroup;
			children = (
				ABB56A5F244DAA9600EFF080 /* SoundCloud */,
				ABB56A76244DAA9800EFF080 /* SoundCloudTests */,
				ABB56A81244DAA9800EFF080 /* SoundCloudUITests */,
				ABB56A5E244DAA9600EFF080 /* Products */,
				0D9ECA3789D563FC45E5EEE6 /* Pods */,
				4275B3303A424DC43C685F3A /* Frameworks */,
			);
			sourceTree = "<group>";
		};
		ABB56A5E244DAA9600EFF080 /* Products */ = {
			isa = PBXGroup;
			children = (
				ABB56A5D244DAA9600EFF080 /* SoundCloud.app */,
				ABB56A73244DAA9800EFF080 /* SoundCloudTests.xctest */,
				ABB56A7E244DAA9800EFF080 /* SoundCloudUITests.xctest */,
			);
			name = Products;
			sourceTree = "<group>";
		};
		ABB56A5F244DAA9600EFF080 /* SoundCloud */ = {
			isa = PBXGroup;
			children = (
				ABE90C8A244ED1B200E86121 /* Model */,
				ABB56A94244DAB2000EFF080 /* Storyboard */,
				ABB56A90244DAAD500EFF080 /* ViewController */,
				ABB56A60244DAA9600EFF080 /* AppDelegate.swift */,
				ABB56A62244DAA9600EFF080 /* SceneDelegate.swift */,
				ABB56A64244DAA9600EFF080 /* ViewController.swift */,
				ABB56A69244DAA9800EFF080 /* Assets.xcassets */,
				ABB56A6B244DAA9800EFF080 /* LaunchScreen.storyboard */,
				ABB56A6E244DAA9800EFF080 /* Info.plist */,
			);
			path = SoundCloud;
			sourceTree = "<group>";
		};
		ABB56A76244DAA9800EFF080 /* SoundCloudTests */ = {
			isa = PBXGroup;
			children = (
				ABB56A77244DAA9800EFF080 /* SoundCloudTests.swift */,
				ABB56A79244DAA9800EFF080 /* Info.plist */,
			);
			path = SoundCloudTests;
			sourceTree = "<group>";
		};
		ABB56A81244DAA9800EFF080 /* SoundCloudUITests */ = {
			isa = PBXGroup;
			children = (
				ABB56A82244DAA9800EFF080 /* SoundCloudUITests.swift */,
				ABB56A84244DAA9800EFF080 /* Info.plist */,
			);
			path = SoundCloudUITests;
			sourceTree = "<group>";
		};
		ABB56A90244DAAD500EFF080 /* ViewController */ = {
			isa = PBXGroup;
			children = (
				ABE90C84244EB21E00E86121 /* Player */,
				ABB56A91244DAAF000EFF080 /* ListMusic */,
			);
			path = ViewController;
			sourceTree = "<group>";
		};
		ABB56A91244DAAF000EFF080 /* ListMusic */ = {
			isa = PBXGroup;
			children = (
				ABB56A92244DAB1400EFF080 /* ListMusicVC.swift */,
				ABB56A95244DBB1C00EFF080 /* CellMusic.swift */,
			);
			path = ListMusic;
			sourceTree = "<group>";
		};
		ABB56A94244DAB2000EFF080 /* Storyboard */ = {
			isa = PBXGroup;
			children = (
				ABB56A66244DAA9600EFF080 /* Main.storyboard */,
			);
			path = Storyboard;
			sourceTree = "<group>";
		};
		ABE90C84244EB21E00E86121 /* Player */ = {
			isa = PBXGroup;
			children = (
				ABE90C88244EB2C200E86121 /* PlayerVC.swift */,
			);
			path = Player;
			sourceTree = "<group>";
		};
		ABE90C8A244ED1B200E86121 /* Model */ = {
			isa = PBXGroup;
			children = (
				ABE90C8E244ED20600E86121 /* Song.swift */,
			);
			path = Model;
			sourceTree = "<group>";
		};
/* End PBXGroup section */

/* Begin PBXNativeTarget section */
		ABB56A5C244DAA9600EFF080 /* SoundCloud */ = {
			isa = PBXNativeTarget;
			buildConfigurationList = ABB56A87244DAA9800EFF080 /* Build configuration list for PBXNativeTarget "SoundCloud" */;
			buildPhases = (
				5E5C0B7A8A60C8DB4E81E565 /* [CP] Check Pods Manifest.lock */,
				ABB56A59244DAA9600EFF080 /* Sources */,
				ABB56A5A244DAA9600EFF080 /* Frameworks */,
				ABB56A5B244DAA9600EFF080 /* Resources */,
				B9433660A44733E730DABE8F /* [CP] Embed Pods Frameworks */,
			);
			buildRules = (
			);
			dependencies = (
			);
			name = SoundCloud;
			productName = SoundCloud;
			productReference = ABB56A5D244DAA9600EFF080 /* SoundCloud.app */;
			productType = "com.apple.product-type.application";
		};
		ABB56A72244DAA9800EFF080 /* SoundCloudTests */ = {
			isa = PBXNativeTarget;
			buildConfigurationList = ABB56A8A244DAA9800EFF080 /* Build configuration list for PBXNativeTarget "SoundCloudTests" */;
			buildPhases = (
				1F802DFEFA3DDE361FCD002A /* [CP] Check Pods Manifest.lock */,
				ABB56A6F244DAA9800EFF080 /* Sources */,
				ABB56A70244DAA9800EFF080 /* Frameworks */,
				ABB56A71244DAA9800EFF080 /* Resources */,
			);
			buildRules = (
			);
			dependencies = (
				ABB56A75244DAA9800EFF080 /* PBXTargetDependency */,
			);
			name = SoundCloudTests;
			productName = SoundCloudTests;
			productReference = ABB56A73244DAA9800EFF080 /* SoundCloudTests.xctest */;
			productType = "com.apple.product-type.bundle.unit-test";
		};
		ABB56A7D244DAA9800EFF080 /* SoundCloudUITests */ = {
			isa = PBXNativeTarget;
			buildConfigurationList = ABB56A8D244DAA9800EFF080 /* Build configuration list for PBXNativeTarget "SoundCloudUITests" */;
			buildPhases = (
				6E214179952D389EF101A226 /* [CP] Check Pods Manifest.lock */,
				ABB56A7A244DAA9800EFF080 /* Sources */,
				ABB56A7B244DAA9800EFF080 /* Frameworks */,
				ABB56A7C244DAA9800EFF080 /* Resources */,
				B1EEC9EDC02F18C2866824FA /* [CP] Embed Pods Frameworks */,
			);
			buildRules = (
			);
			dependencies = (
				ABB56A80244DAA9800EFF080 /* PBXTargetDependency */,
			);
			name = SoundCloudUITests;
			productName = SoundCloudUITests;
			productReference = ABB56A7E244DAA9800EFF080 /* SoundCloudUITests.xctest */;
			productType = "com.apple.product-type.bundle.ui-testing";
		};
/* End PBXNativeTarget section */

/* Begin PBXProject section */
		ABB56A55244DAA9600EFF080 /* Project object */ = {
			isa = PBXProject;
			attributes = {
				LastSwiftUpdateCheck = 1100;
				LastUpgradeCheck = 1100;
				ORGANIZATIONNAME = "Chinh le";
				TargetAttributes = {
					ABB56A5C244DAA9600EFF080 = {
						CreatedOnToolsVersion = 11.0;
					};
					ABB56A72244DAA9800EFF080 = {
						CreatedOnToolsVersion = 11.0;
						TestTargetID = ABB56A5C244DAA9600EFF080;
					};
					ABB56A7D244DAA9800EFF080 = {
						CreatedOnToolsVersion = 11.0;
						TestTargetID = ABB56A5C244DAA9600EFF080;
					};
				};
			};
			buildConfigurationList = ABB56A58244DAA9600EFF080 /* Build configuration list for PBXProject "SoundCloud" */;
			compatibilityVersion = "Xcode 9.3";
			developmentRegion = en;
			hasScannedForEncodings = 0;
			knownRegions = (
				en,
				Base,
			);
			mainGroup = ABB56A54244DAA9600EFF080;
			productRefGroup = ABB56A5E244DAA9600EFF080 /* Products */;
			projectDirPath = "";
			projectRoot = "";
			targets = (
				ABB56A5C244DAA9600EFF080 /* SoundCloud */,
				ABB56A72244DAA9800EFF080 /* SoundCloudTests */,
				ABB56A7D244DAA9800EFF080 /* SoundCloudUITests */,
			);
		};
/* End PBXProject section */

/* Begin PBXResourcesBuildPhase section */
		ABB56A5B244DAA9600EFF080 /* Resources */ = {
			isa = PBXResourcesBuildPhase;
			buildActionMask = 2147483647;
			files = (
				ABB56A6D244DAA9800EFF080 /* LaunchScreen.storyboard in Resources */,
				ABB56A6A244DAA9800EFF080 /* Assets.xcassets in Resources */,
				ABB56A68244DAA9600EFF080 /* Main.storyboard in Resources */,
			);
			runOnlyForDeploymentPostprocessing = 0;
		};
		ABB56A71244DAA9800EFF080 /* Resources */ = {
			isa = PBXResourcesBuildPhase;
			buildActionMask = 2147483647;
			files = (
			);
			runOnlyForDeploymentPostprocessing = 0;
		};
		ABB56A7C244DAA9800EFF080 /* Resources */ = {
			isa = PBXResourcesBuildPhase;
			buildActionMask = 2147483647;
			files = (
			);
			runOnlyForDeploymentPostprocessing = 0;
		};
/* End PBXResourcesBuildPhase section */

/* Begin PBXShellScriptBuildPhase section */
		1F802DFEFA3DDE361FCD002A /* [CP] Check Pods Manifest.lock */ = {
			isa = PBXShellScriptBuildPhase;
			buildActionMask = 2147483647;
			files = (
			);
			inputFileListPaths = (
			);
			inputPaths = (
				"${PODS_PODFILE_DIR_PATH}/Podfile.lock",
				"${PODS_ROOT}/Manifest.lock",
			);
			name = "[CP] Check Pods Manifest.lock";
			outputFileListPaths = (
			);
			outputPaths = (
				"$(DERIVED_FILE_DIR)/Pods-SoundCloudTests-checkManifestLockResult.txt",
			);
			runOnlyForDeploymentPostprocessing = 0;
			shellPath = /bin/sh;
			shellScript = "diff \"${PODS_PODFILE_DIR_PATH}/Podfile.lock\" \"${PODS_ROOT}/Manifest.lock\" > /dev/null\nif [ $? != 0 ] ; then\n    # print error to STDERR\n    echo \"error: The sandbox is not in sync with the Podfile.lock. Run 'pod install' or update your CocoaPods installation.\" >&2\n    exit 1\nfi\n# This output is used by Xcode 'outputs' to avoid re-running this script phase.\necho \"SUCCESS\" > \"${SCRIPT_OUTPUT_FILE_0}\"\n";
			showEnvVarsInLog = 0;
		};
		5E5C0B7A8A60C8DB4E81E565 /* [CP] Check Pods Manifest.lock */ = {
			isa = PBXShellScriptBuildPhase;
			buildActionMask = 2147483647;
			files = (
			);
			inputFileListPaths = (
			);
			inputPaths = (
				"${PODS_PODFILE_DIR_PATH}/Podfile.lock",
				"${PODS_ROOT}/Manifest.lock",
			);
			name = "[CP] Check Pods Manifest.lock";
			outputFileListPaths = (
			);
			outputPaths = (
				"$(DERIVED_FILE_DIR)/Pods-SoundCloud-checkManifestLockResult.txt",
			);
			runOnlyForDeploymentPostprocessing = 0;
			shellPath = /bin/sh;
			shellScript = "diff \"${PODS_PODFILE_DIR_PATH}/Podfile.lock\" \"${PODS_ROOT}/Manifest.lock\" > /dev/null\nif [ $? != 0 ] ; then\n    # print error to STDERR\n    echo \"error: The sandbox is not in sync with the Podfile.lock. Run 'pod install' or update your CocoaPods installation.\" >&2\n    exit 1\nfi\n# This output is used by Xcode 'outputs' to avoid re-running this script phase.\necho \"SUCCESS\" > \"${SCRIPT_OUTPUT_FILE_0}\"\n";
			showEnvVarsInLog = 0;
		};
		6E214179952D389EF101A226 /* [CP] Check Pods Manifest.lock */ = {
			isa = PBXShellScriptBuildPhase;
			buildActionMask = 2147483647;
			files = (
			);
			inputFileListPaths = (
			);
			inputPaths = (
				"${PODS_PODFILE_DIR_PATH}/Podfile.lock",
				"${PODS_ROOT}/Manifest.lock",
			);
			name = "[CP] Check Pods Manifest.lock";
			outputFileListPaths = (
			);
			outputPaths = (
				"$(DERIVED_FILE_DIR)/Pods-SoundCloud-SoundCloudUITests-checkManifestLockResult.txt",
			);
			runOnlyForDeploymentPostprocessing = 0;
			shellPath = /bin/sh;
			shellScript = "diff \"${PODS_PODFILE_DIR_PATH}/Podfile.lock\" \"${PODS_ROOT}/Manifest.lock\" > /dev/null\nif [ $? != 0 ] ; then\n    # print error to STDERR\n    echo \"error: The sandbox is not in sync with the Podfile.lock. Run 'pod install' or update your CocoaPods installation.\" >&2\n    exit 1\nfi\n# This output is used by Xcode 'outputs' to avoid re-running this script phase.\necho \"SUCCESS\" > \"${SCRIPT_OUTPUT_FILE_0}\"\n";
			showEnvVarsInLog = 0;
		};
		B1EEC9EDC02F18C2866824FA /* [CP] Embed Pods Frameworks */ = {
			isa = PBXShellScriptBuildPhase;
			buildActionMask = 2147483647;
			files = (
			);
			inputFileListPaths = (
				"${PODS_ROOT}/Target Support Files/Pods-SoundCloud-SoundCloudUITests/Pods-SoundCloud-SoundCloudUITests-frameworks-${CONFIGURATION}-input-files.xcfilelist",
			);
			name = "[CP] Embed Pods Frameworks";
			outputFileListPaths = (
				"${PODS_ROOT}/Target Support Files/Pods-SoundCloud-SoundCloudUITests/Pods-SoundCloud-SoundCloudUITests-frameworks-${CONFIGURATION}-output-files.xcfilelist",
			);
			runOnlyForDeploymentPostprocessing = 0;
			shellPath = /bin/sh;
			shellScript = "\"${PODS_ROOT}/Target Support Files/Pods-SoundCloud-SoundCloudUITests/Pods-SoundCloud-SoundCloudUITests-frameworks.sh\"\n";
			showEnvVarsInLog = 0;
		};
		B9433660A44733E730DABE8F /* [CP] Embed Pods Frameworks */ = {
			isa = PBXShellScriptBuildPhase;
			buildActionMask = 2147483647;
			files = (
			);
			inputFileListPaths = (
				"${PODS_ROOT}/Target Support Files/Pods-SoundCloud/Pods-SoundCloud-frameworks-${CONFIGURATION}-input-files.xcfilelist",
			);
			name = "[CP] Embed Pods Frameworks";
			outputFileListPaths = (
				"${PODS_ROOT}/Target Support Files/Pods-SoundCloud/Pods-SoundCloud-frameworks-${CONFIGURATION}-output-files.xcfilelist",
			);
			runOnlyForDeploymentPostprocessing = 0;
			shellPath = /bin/sh;
			shellScript = "\"${PODS_ROOT}/Target Support Files/Pods-SoundCloud/Pods-SoundCloud-frameworks.sh\"\n";
			showEnvVarsInLog = 0;
		};
/* End PBXShellScriptBuildPhase section */

/* Begin PBXSourcesBuildPhase section */
		ABB56A59244DAA9600EFF080 /* Sources */ = {
			isa = PBXSourcesBuildPhase;
			buildActionMask = 2147483647;
			files = (
				ABE90C8F244ED20600E86121 /* Song.swift in Sources */,
				ABB56A65244DAA9600EFF080 /* ViewController.swift in Sources */,
				ABB56A96244DBB1C00EFF080 /* CellMusic.swift in Sources */,
				ABB56A61244DAA9600EFF080 /* AppDelegate.swift in Sources */,
				ABE90C89244EB2C200E86121 /* PlayerVC.swift in Sources */,
				ABB56A93244DAB1400EFF080 /* ListMusicVC.swift in Sources */,
				ABB56A63244DAA9600EFF080 /* SceneDelegate.swift in Sources */,
			);
			runOnlyForDeploymentPostprocessing = 0;
		};
		ABB56A6F244DAA9800EFF080 /* Sources */ = {
			isa = PBXSourcesBuildPhase;
			buildActionMask = 2147483647;
			files = (
				ABB56A78244DAA9800EFF080 /* SoundCloudTests.swift in Sources */,
			);
			runOnlyForDeploymentPostprocessing = 0;
		};
		ABB56A7A244DAA9800EFF080 /* Sources */ = {
			isa = PBXSourcesBuildPhase;
			buildActionMask = 2147483647;
			files = (
				ABB56A83244DAA9800EFF080 /* SoundCloudUITests.swift in Sources */,
			);
			runOnlyForDeploymentPostprocessing = 0;
		};
/* End PBXSourcesBuildPhase section */

/* Begin PBXTargetDependency section */
		ABB56A75244DAA9800EFF080 /* PBXTargetDependency */ = {
			isa = PBXTargetDependency;
			target = ABB56A5C244DAA9600EFF080 /* SoundCloud */;
			targetProxy = ABB56A74244DAA9800EFF080 /* PBXContainerItemProxy */;
		};
		ABB56A80244DAA9800EFF080 /* PBXTargetDependency */ = {
			isa = PBXTargetDependency;
			target = ABB56A5C244DAA9600EFF080 /* SoundCloud */;
			targetProxy = ABB56A7F244DAA9800EFF080 /* PBXContainerItemProxy */;
		};
/* End PBXTargetDependency section */

/* Begin PBXVariantGroup section */
		ABB56A66244DAA9600EFF080 /* Main.storyboard */ = {
			isa = PBXVariantGroup;
			children = (
				ABB56A67244DAA9600EFF080 /* Base */,
			);
			name = Main.storyboard;
			sourceTree = "<group>";
		};
		ABB56A6B244DAA9800EFF080 /* LaunchScreen.storyboard */ = {
			isa = PBXVariantGroup;
			children = (
				ABB56A6C244DAA9800EFF080 /* Base */,
			);
			name = LaunchScreen.storyboard;
			sourceTree = "<group>";
		};
/* End PBXVariantGroup section */

/* Begin XCBuildConfiguration section */
		ABB56A85244DAA9800EFF080 /* Debug */ = {
			isa = XCBuildConfiguration;
			buildSettings = {
				ALWAYS_SEARCH_USER_PATHS = NO;
				CLANG_ANALYZER_NONNULL = YES;
				CLANG_ANALYZER_NUMBER_OBJECT_CONVERSION = YES_AGGRESSIVE;
				CLANG_CXX_LANGUAGE_STANDARD = "gnu++14";
				CLANG_CXX_LIBRARY = "libc++";
				CLANG_ENABLE_MODULES = YES;
				CLANG_ENABLE_OBJC_ARC = YES;
				CLANG_ENABLE_OBJC_WEAK = YES;
				CLANG_WARN_BLOCK_CAPTURE_AUTORELEASING = YES;
				CLANG_WARN_BOOL_CONVERSION = YES;
				CLANG_WARN_COMMA = YES;
				CLANG_WARN_CONSTANT_CONVERSION = YES;
				CLANG_WARN_DEPRECATED_OBJC_IMPLEMENTATIONS = YES;
				CLANG_WARN_DIRECT_OBJC_ISA_USAGE = YES_ERROR;
				CLANG_WARN_DOCUMENTATION_COMMENTS = YES;
				CLANG_WARN_EMPTY_BODY = YES;
				CLANG_WARN_ENUM_CONVERSION = YES;
				CLANG_WARN_INFINITE_RECURSION = YES;
				CLANG_WARN_INT_CONVERSION = YES;
				CLANG_WARN_NON_LITERAL_NULL_CONVERSION = YES;
				CLANG_WARN_OBJC_IMPLICIT_RETAIN_SELF = YES;
				CLANG_WARN_OBJC_LITERAL_CONVERSION = YES;
				CLANG_WARN_OBJC_ROOT_CLASS = YES_ERROR;
				CLANG_WARN_RANGE_LOOP_ANALYSIS = YES;
				CLANG_WARN_STRICT_PROTOTYPES = YES;
				CLANG_WARN_SUSPICIOUS_MOVE = YES;
				CLANG_WARN_UNGUARDED_AVAILABILITY = YES_AGGRESSIVE;
				CLANG_WARN_UNREACHABLE_CODE = YES;
				CLANG_WARN__DUPLICATE_METHOD_MATCH = YES;
				COPY_PHASE_STRIP = NO;
				DEBUG_INFORMATION_FORMAT = dwarf;
				ENABLE_STRICT_OBJC_MSGSEND = YES;
				ENABLE_TESTABILITY = YES;
				GCC_C_LANGUAGE_STANDARD = gnu11;
				GCC_DYNAMIC_NO_PIC = NO;
				GCC_NO_COMMON_BLOCKS = YES;
				GCC_OPTIMIZATION_LEVEL = 0;
				GCC_PREPROCESSOR_DEFINITIONS = (
					"DEBUG=1",
					"$(inherited)",
				);
				GCC_WARN_64_TO_32_BIT_CONVERSION = YES;
				GCC_WARN_ABOUT_RETURN_TYPE = YES_ERROR;
				GCC_WARN_UNDECLARED_SELECTOR = YES;
				GCC_WARN_UNINITIALIZED_AUTOS = YES_AGGRESSIVE;
				GCC_WARN_UNUSED_FUNCTION = YES;
				GCC_WARN_UNUSED_VARIABLE = YES;
				IPHONEOS_DEPLOYMENT_TARGET = 13.0;
				MTL_ENABLE_DEBUG_INFO = INCLUDE_SOURCE;
				MTL_FAST_MATH = YES;
				ONLY_ACTIVE_ARCH = YES;
				SDKROOT = iphoneos;
				SWIFT_ACTIVE_COMPILATION_CONDITIONS = DEBUG;
				SWIFT_OPTIMIZATION_LEVEL = "-Onone";
			};
			name = Debug;
		};
		ABB56A86244DAA9800EFF080 /* Release */ = {
			isa = XCBuildConfiguration;
			buildSettings = {
				ALWAYS_SEARCH_USER_PATHS = NO;
				CLANG_ANALYZER_NONNULL = YES;
				CLANG_ANALYZER_NUMBER_OBJECT_CONVERSION = YES_AGGRESSIVE;
				CLANG_CXX_LANGUAGE_STANDARD = "gnu++14";
				CLANG_CXX_LIBRARY = "libc++";
				CLANG_ENABLE_MODULES = YES;
				CLANG_ENABLE_OBJC_ARC = YES;
				CLANG_ENABLE_OBJC_WEAK = YES;
				CLANG_WARN_BLOCK_CAPTURE_AUTORELEASING = YES;
				CLANG_WARN_BOOL_CONVERSION = YES;
				CLANG_WARN_COMMA = YES;
				CLANG_WARN_CONSTANT_CONVERSION = YES;
				CLANG_WARN_DEPRECATED_OBJC_IMPLEMENTATIONS = YES;
				CLANG_WARN_DIRECT_OBJC_ISA_USAGE = YES_ERROR;
				CLANG_WARN_DOCUMENTATION_COMMENTS = YES;
				CLANG_WARN_EMPTY_BODY = YES;
				CLANG_WARN_ENUM_CONVERSION = YES;
				CLANG_WARN_INFINITE_RECURSION = YES;
				CLANG_WARN_INT_CONVERSION = YES;
				CLANG_WARN_NON_LITERAL_NULL_CONVERSION = YES;
				CLANG_WARN_OBJC_IMPLICIT_RETAIN_SELF = YES;
				CLANG_WARN_OBJC_LITERAL_CONVERSION = YES;
				CLANG_WARN_OBJC_ROOT_CLASS = YES_ERROR;
				CLANG_WARN_RANGE_LOOP_ANALYSIS = YES;
				CLANG_WARN_STRICT_PROTOTYPES = YES;
				CLANG_WARN_SUSPICIOUS_MOVE = YES;
				CLANG_WARN_UNGUARDED_AVAILABILITY = YES_AGGRESSIVE;
				CLANG_WARN_UNREACHABLE_CODE = YES;
				CLANG_WARN__DUPLICATE_METHOD_MATCH = YES;
				COPY_PHASE_STRIP = NO;
				DEBUG_INFORMATION_FORMAT = "dwarf-with-dsym";
				ENABLE_NS_ASSERTIONS = NO;
				ENABLE_STRICT_OBJC_MSGSEND = YES;
				GCC_C_LANGUAGE_STANDARD = gnu11;
				GCC_NO_COMMON_BLOCKS = YES;
				GCC_WARN_64_TO_32_BIT_CONVERSION = YES;
				GCC_WARN_ABOUT_RETURN_TYPE = YES_ERROR;
				GCC_WARN_UNDECLARED_SELECTOR = YES;
				GCC_WARN_UNINITIALIZED_AUTOS = YES_AGGRESSIVE;
				GCC_WARN_UNUSED_FUNCTION = YES;
				GCC_WARN_UNUSED_VARIABLE = YES;
				IPHONEOS_DEPLOYMENT_TARGET = 13.0;
				MTL_ENABLE_DEBUG_INFO = NO;
				MTL_FAST_MATH = YES;
				SDKROOT = iphoneos;
				SWIFT_COMPILATION_MODE = wholemodule;
				SWIFT_OPTIMIZATION_LEVEL = "-O";
				VALIDATE_PRODUCT = YES;
			};
			name = Release;
		};
		ABB56A88244DAA9800EFF080 /* Debug */ = {
			isa = XCBuildConfiguration;
			baseConfigurationReference = D4C8B6CED3C8CF0C30D0BB5D /* Pods-SoundCloud.debug.xcconfig */;
			buildSettings = {
				ASSETCATALOG_COMPILER_APPICON_NAME = AppIcon;
				CODE_SIGN_STYLE = Automatic;
				INFOPLIST_FILE = SoundCloud/Info.plist;
				LD_RUNPATH_SEARCH_PATHS = (
					"$(inherited)",
					"@executable_path/Frameworks",
				);
				PRODUCT_BUNDLE_IDENTIFIER = com.MovieDatabase.SoundCloud;
				PRODUCT_NAME = "$(TARGET_NAME)";
				SWIFT_VERSION = 5.0;
				TARGETED_DEVICE_FAMILY = "1,2";
			};
			name = Debug;
		};
		ABB56A89244DAA9800EFF080 /* Release */ = {
			isa = XCBuildConfiguration;
			baseConfigurationReference = F47CE1A70C4121578082716A /* Pods-SoundCloud.release.xcconfig */;
			buildSettings = {
				ASSETCATALOG_COMPILER_APPICON_NAME = AppIcon;
				CODE_SIGN_STYLE = Automatic;
				INFOPLIST_FILE = SoundCloud/Info.plist;
				LD_RUNPATH_SEARCH_PATHS = (
					"$(inherited)",
					"@executable_path/Frameworks",
				);
				PRODUCT_BUNDLE_IDENTIFIER = com.MovieDatabase.SoundCloud;
				PRODUCT_NAME = "$(TARGET_NAME)";
				SWIFT_VERSION = 5.0;
				TARGETED_DEVICE_FAMILY = "1,2";
			};
			name = Release;
		};
		ABB56A8B244DAA9800EFF080 /* Debug */ = {
			isa = XCBuildConfiguration;
			baseConfigurationReference = 496EE9A7355C7EAD845CBD8F /* Pods-SoundCloudTests.debug.xcconfig */;
			buildSettings = {
				ALWAYS_EMBED_SWIFT_STANDARD_LIBRARIES = YES;
				BUNDLE_LOADER = "$(TEST_HOST)";
				CODE_SIGN_STYLE = Automatic;
				INFOPLIST_FILE = SoundCloudTests/Info.plist;
				IPHONEOS_DEPLOYMENT_TARGET = 13.0;
				LD_RUNPATH_SEARCH_PATHS = (
					"$(inherited)",
					"@executable_path/Frameworks",
					"@loader_path/Frameworks",
				);
				PRODUCT_BUNDLE_IDENTIFIER = com.MovieDatabase.SoundCloudTests;
				PRODUCT_NAME = "$(TARGET_NAME)";
				SWIFT_VERSION = 5.0;
				TARGETED_DEVICE_FAMILY = "1,2";
				TEST_HOST = "$(BUILT_PRODUCTS_DIR)/SoundCloud.app/SoundCloud";
			};
			name = Debug;
		};
		ABB56A8C244DAA9800EFF080 /* Release */ = {
			isa = XCBuildConfiguration;
			baseConfigurationReference = E66436F84B377DC1A705D71F /* Pods-SoundCloudTests.release.xcconfig */;
			buildSettings = {
				ALWAYS_EMBED_SWIFT_STANDARD_LIBRARIES = YES;
				BUNDLE_LOADER = "$(TEST_HOST)";
				CODE_SIGN_STYLE = Automatic;
				INFOPLIST_FILE = SoundCloudTests/Info.plist;
				IPHONEOS_DEPLOYMENT_TARGET = 13.0;
				LD_RUNPATH_SEARCH_PATHS = (
					"$(inherited)",
					"@executable_path/Frameworks",
					"@loader_path/Frameworks",
				);
				PRODUCT_BUNDLE_IDENTIFIER = com.MovieDatabase.SoundCloudTests;
				PRODUCT_NAME = "$(TARGET_NAME)";
				SWIFT_VERSION = 5.0;
				TARGETED_DEVICE_FAMILY = "1,2";
				TEST_HOST = "$(BUILT_PRODUCTS_DIR)/SoundCloud.app/SoundCloud";
			};
			name = Release;
		};
		ABB56A8E244DAA9800EFF080 /* Debug */ = {
			isa = XCBuildConfiguration;
			baseConfigurationReference = FFE3C50650DD20AF30FF1A07 /* Pods-SoundCloud-SoundCloudUITests.debug.xcconfig */;
			buildSettings = {
				ALWAYS_EMBED_SWIFT_STANDARD_LIBRARIES = YES;
				CODE_SIGN_STYLE = Automatic;
				INFOPLIST_FILE = SoundCloudUITests/Info.plist;
				LD_RUNPATH_SEARCH_PATHS = (
					"$(inherited)",
					"@executable_path/Frameworks",
					"@loader_path/Frameworks",
				);
				PRODUCT_BUNDLE_IDENTIFIER = com.MovieDatabase.SoundCloudUITests;
				PRODUCT_NAME = "$(TARGET_NAME)";
				SWIFT_VERSION = 5.0;
				TARGETED_DEVICE_FAMILY = "1,2";
				TEST_TARGET_NAME = SoundCloud;
			};
			name = Debug;
		};
		ABB56A8F244DAA9800EFF080 /* Release */ = {
			isa = XCBuildConfiguration;
			baseConfigurationReference = C269FA1D4DAD490FF6944293 /* Pods-SoundCloud-SoundCloudUITests.release.xcconfig */;
			buildSettings = {
				ALWAYS_EMBED_SWIFT_STANDARD_LIBRARIES = YES;
				CODE_SIGN_STYLE = Automatic;
				INFOPLIST_FILE = SoundCloudUITests/Info.plist;
				LD_RUNPATH_SEARCH_PATHS = (
					"$(inherited)",
					"@executable_path/Frameworks",
					"@loader_path/Frameworks",
				);
				PRODUCT_BUNDLE_IDENTIFIER = com.MovieDatabase.SoundCloudUITests;
				PRODUCT_NAME = "$(TARGET_NAME)";
				SWIFT_VERSION = 5.0;
				TARGETED_DEVICE_FAMILY = "1,2";
				TEST_TARGET_NAME = SoundCloud;
			};
			name = Release;
		};
/* End XCBuildConfiguration section */

/* Begin XCConfigurationList section */
		ABB56A58244DAA9600EFF080 /* Build configuration list for PBXProject "SoundCloud" */ = {
			isa = XCConfigurationList;
			buildConfigurations = (
				ABB56A85244DAA9800EFF080 /* Debug */,
				ABB56A86244DAA9800EFF080 /* Release */,
			);
			defaultConfigurationIsVisible = 0;
			defaultConfigurationName = Release;
		};
		ABB56A87244DAA9800EFF080 /* Build configuration list for PBXNativeTarget "SoundCloud" */ = {
			isa = XCConfigurationList;
			buildConfigurations = (
				ABB56A88244DAA9800EFF080 /* Debug */,
				ABB56A89244DAA9800EFF080 /* Release */,
			);
			defaultConfigurationIsVisible = 0;
			defaultConfigurationName = Release;
		};
		ABB56A8A244DAA9800EFF080 /* Build configuration list for PBXNativeTarget "SoundCloudTests" */ = {
			isa = XCConfigurationList;
			buildConfigurations = (
				ABB56A8B244DAA9800EFF080 /* Debug */,
				ABB56A8C244DAA9800EFF080 /* Release */,
			);
			defaultConfigurationIsVisible = 0;
			defaultConfigurationName = Release;
		};
		ABB56A8D244DAA9800EFF080 /* Build configuration list for PBXNativeTarget "SoundCloudUITests" */ = {
			isa = XCConfigurationList;
			buildConfigurations = (
				ABB56A8E244DAA9800EFF080 /* Debug */,
				ABB56A8F244DAA9800EFF080 /* Release */,
			);
			defaultConfigurationIsVisible = 0;
			defaultConfigurationName = Release;
		};
/* End XCConfigurationList section */
	};
	rootObject = ABB56A55244DAA9600EFF080 /* Project object */;
}
